
Microsoft Visual Studio Solution File, Format Version 12.00
# Visual Studio Version 17
VisualStudioVersion = 17.7.34221.43
MinimumVisualStudioVersion = 10.0.40219.1
Project("{FAE04EC0-301F-11D3-BF4B-00C04F79EFBC}") = "pb11", "pb11\pb11.csproj", "{40E23B30-EAD2-4CDA-9D1A-5F356304488F}"
EndProject
Global
	GlobalSection(SolutionConfigurationPlatforms) = preSolution
		Debug|Any CPU = Debug|Any CPU
		Release|Any CPU = Release|Any CPU
	EndGlobalSection
	GlobalSection(ProjectConfigurationPlatforms) = postSolution
		{40E23B30-EAD2-4CDA-9D1A-5F356304488F}.Debug|Any CPU.ActiveCfg = Debug|Any CPU
		{40E23B30-EAD2-4CDA-9D1A-5F356304488F}.Debug|Any CPU.Build.0 = Debug|Any CPU
		{40E23B30-EAD2-4CDA-9D1A-5F356304488F}.Release|Any CPU.ActiveCfg = Release|Any CPU
		{40E23B30-EAD2-4CDA-9D1A-5F356304488F}.Release|Any CPU.Build.0 = Release|Any CPU
	EndGlobalSection
	GlobalSection(SolutionProperties) = preSolution
		HideSolutionNode = FALSE
	EndGlobalSection
	GlobalSection(ExtensibilityGlobals) = postSolution
		SolutionGuid = {02F9A8AE-114F-4105-B459-6363A3DA1FE2}
	EndGlobalSection
EndGlobal
