
Microsoft Visual Studio Solution File, Format Version 12.00
# Visual Studio Version 17
VisualStudioVersion = 17.7.34221.43
MinimumVisualStudioVersion = 10.0.40219.1
Project("{FAE04EC0-301F-11D3-BF4B-00C04F79EFBC}") = "pb17", "pb17\pb17.csproj", "{99845AEC-87DA-461A-A1BC-894A6853724F}"
EndProject
Global
	GlobalSection(SolutionConfigurationPlatforms) = preSolution
		Debug|Any CPU = Debug|Any CPU
		Release|Any CPU = Release|Any CPU
	EndGlobalSection
	GlobalSection(ProjectConfigurationPlatforms) = postSolution
		{99845AEC-87DA-461A-A1BC-894A6853724F}.Debug|Any CPU.ActiveCfg = Debug|Any CPU
		{99845AEC-87DA-461A-A1BC-894A6853724F}.Debug|Any CPU.Build.0 = Debug|Any CPU
		{99845AEC-87DA-461A-A1BC-894A6853724F}.Release|Any CPU.ActiveCfg = Release|Any CPU
		{99845AEC-87DA-461A-A1BC-894A6853724F}.Release|Any CPU.Build.0 = Release|Any CPU
	EndGlobalSection
	GlobalSection(SolutionProperties) = preSolution
		HideSolutionNode = FALSE
	EndGlobalSection
	GlobalSection(ExtensibilityGlobals) = postSolution
		SolutionGuid = {0802E80C-30E8-4CD4-9E74-453F5054424B}
	EndGlobalSection
EndGlobal
